
Microsoft Visual Studio Solution File, Format Version 12.00
# Visual Studio Version 16
VisualStudioVersion = 16.0.31613.86
MinimumVisualStudioVersion = 10.0.40219.1
Project("{FAE04EC0-301F-11D3-BF4B-00C04F79EFBC}") = "weRentvideo", "weRentvideo.csproj", "{141158DB-D67F-47A9-B13D-AEC744C9FCF7}"
EndProject
Global
	GlobalSection(SolutionConfigurationPlatforms) = preSolution
		Debug|Any CPU = Debug|Any CPU
		Release|Any CPU = Release|Any CPU
	EndGlobalSection
	GlobalSection(ProjectConfigurationPlatforms) = postSolution
		{141158DB-D67F-47A9-B13D-AEC744C9FCF7}.Debug|Any CPU.ActiveCfg = Debug|Any CPU
		{141158DB-D67F-47A9-B13D-AEC744C9FCF7}.Debug|Any CPU.Build.0 = Debug|Any CPU
		{141158DB-D67F-47A9-B13D-AEC744C9FCF7}.Release|Any CPU.ActiveCfg = Release|Any CPU
		{141158DB-D67F-47A9-B13D-AEC744C9FCF7}.Release|Any CPU.Build.0 = Release|Any CPU
	EndGlobalSection
	GlobalSection(SolutionProperties) = preSolution
		HideSolutionNode = FALSE
	EndGlobalSection
	GlobalSection(ExtensibilityGlobals) = postSolution
		SolutionGuid = {C32991C5-56AE-4ECF-B9AE-D087F465F4C5}
	EndGlobalSection
EndGlobal
